PODS:
  - GoogleMaps (2.2.0):
    - GoogleMaps/Maps (= 2.2.0)
  - GoogleMaps/Base (2.2.0)
  - GoogleMaps/Maps (2.2.0):
    - GoogleMaps/Base
  - JSONKit (1.4)

DEPENDENCIES:
  - GoogleMaps (~> 2.2)
  - JSONKit (= 1.4)

SPEC CHECKSUMS:
  GoogleMaps: 104c418d61ab8a05dff06ed0784c25ea9d37da45
  JSONKit: 5b69e804ea54d99293eed0fd2ce596c5703fefb0

PODFILE CHECKSUM: 82ec52a8dd92ef4c084fe447da095ac38b700335

COCOAPODS: 1.2.1
