// !$*UTF8*$!
{
	archiveVersion = 1;
	classes = {
	};
	objectVersion = 46;
	objects = {

/* Begin PBXBuildFile section */
		BC0229731EBB4A4A00BFDF77 /* CoreData.framework in Frameworks */ = {isa = PBXBuildFile; fileRef = BC0229721EBB4A4A00BFDF77 /* CoreData.framework */; settings = {ATTRIBUTES = (Weak, ); }; };
		BC239A58F56543D180DCA7AF /* libPods-OrkShoper.a in Frameworks */ = {isa = PBXBuildFile; fileRef = 0752B39B6D15F1EDA7B7B497 /* libPods-OrkShoper.a */; };
		BC5CFE5B1EB73C53000931E1 /* libsqlite3.tbd in Frameworks */ = {isa = PBXBuildFile; fileRef = BC5CFE5A1EB73C53000931E1 /* libsqlite3.tbd */; settings = {ATTRIBUTES = (Required, ); }; };
		BC77C2F91ED82BCC00CF24F1 /* AppDelegate.m in Sources */ = {isa = PBXBuildFile; fileRef = BC77C2D61ED82BCC00CF24F1 /* AppDelegate.m */; };
		BC77C2FA1ED82BCC00CF24F1 /* bg.png in Resources */ = {isa = PBXBuildFile; fileRef = BC77C2D91ED82BCC00CF24F1 /* bg.png */; };
		BC77C2FB1ED82BCC00CF24F1 /* mainback4.png in Resources */ = {isa = PBXBuildFile; fileRef = BC77C2DA1ED82BCC00CF24F1 /* mainback4.png */; };
		BC77C2FC1ED82BCC00CF24F1 /* home.png in Resources */ = {isa = PBXBuildFile; fileRef = BC77C2DD1ED82BCC00CF24F1 /* home.png */; };
		BC77C2FD1ED82BCC00CF24F1 /* ViewController.m in Sources */ = {isa = PBXBuildFile; fileRef = BC77C2DF1ED82BCC00CF24F1 /* ViewController.m */; };
		BC77C2FE1ED82BCC00CF24F1 /* map.png in Resources */ = {isa = PBXBuildFile; fileRef = BC77C2E21ED82BCC00CF24F1 /* map.png */; };
		BC77C2FF1ED82BCC00CF24F1 /* MapController.m in Sources */ = {isa = PBXBuildFile; fileRef = BC77C2E41ED82BCC00CF24F1 /* MapController.m */; };
		BC77C3001ED82BCC00CF24F1 /* GoodsController.m in Sources */ = {isa = PBXBuildFile; fileRef = BC77C2E71ED82BCC00CF24F1 /* GoodsController.m */; };
		BC77C3011ED82BCC00CF24F1 /* cart.png in Resources */ = {isa = PBXBuildFile; fileRef = BC77C2E91ED82BCC00CF24F1 /* cart.png */; };
		BC77C3021ED82BCC00CF24F1 /* shop.png in Resources */ = {isa = PBXBuildFile; fileRef = BC77C2EA1ED82BCC00CF24F1 /* shop.png */; };
		BC77C3031ED82BCC00CF24F1 /* MarketController.m in Sources */ = {isa = PBXBuildFile; fileRef = BC77C2EC1ED82BCC00CF24F1 /* MarketController.m */; };
		BC77C3041ED82BCC00CF24F1 /* MarketSubTreeController.m in Sources */ = {isa = PBXBuildFile; fileRef = BC77C2EE1ED82BCC00CF24F1 /* MarketSubTreeController.m */; };
		BC77C3051ED82BCC00CF24F1 /* NewsCellsController.m in Sources */ = {isa = PBXBuildFile; fileRef = BC77C2F21ED82BCC00CF24F1 /* NewsCellsController.m */; };
		BC77C3061ED82BCC00CF24F1 /* NewsController.m in Sources */ = {isa = PBXBuildFile; fileRef = BC77C2F41ED82BCC00CF24F1 /* NewsController.m */; };
		BC77C3071ED82BCC00CF24F1 /* SignUpController.m in Sources */ = {isa = PBXBuildFile; fileRef = BC77C2F81ED82BCC00CF24F1 /* SignUpController.m */; };
		BC77C30D1ED82C0D00CF24F1 /* core.xcdatamodeld in Sources */ = {isa = PBXBuildFile; fileRef = BC77C3091ED82C0D00CF24F1 /* core.xcdatamodeld */; };
		BC77C30E1ED82C0D00CF24F1 /* market1ForOrkShop.json in Resources */ = {isa = PBXBuildFile; fileRef = BC77C30B1ED82C0D00CF24F1 /* market1ForOrkShop.json */; };
		BC77C30F1ED82C0D00CF24F1 /* NewsForOrkShoper.json in Resources */ = {isa = PBXBuildFile; fileRef = BC77C30C1ED82C0D00CF24F1 /* NewsForOrkShoper.json */; };
		BC77C3111ED82FDA00CF24F1 /* newspaper.png in Resources */ = {isa = PBXBuildFile; fileRef = BC77C3101ED82FDA00CF24F1 /* newspaper.png */; };
		BCE1689C1EA8B33000CE8694 /* Assets.xcassets in Resources */ = {isa = PBXBuildFile; fileRef = BCE1689B1EA8B33000CE8694 /* Assets.xcassets */; };
		BCE168AA1EA8B33000CE8694 /* OrkShoperTests.m in Sources */ = {isa = PBXBuildFile; fileRef = BCE168A91EA8B33000CE8694 /* OrkShoperTests.m */; };
		BCE168B51EA8B33000CE8694 /* OrkShoperUITests.m in Sources */ = {isa = PBXBuildFile; fileRef = BCE168B41EA8B33000CE8694 /* OrkShoperUITests.m */; };
		CF097F1A4373CB284029B460 /* libPods-OrkShoperTests.a in Frameworks */ = {isa = PBXBuildFile; fileRef = EACFEFCA88D0F452A0595844 /* libPods-OrkShoperTests.a */; };
		CF67C0552784DB3BF6A191AF /* libPods-OrkShoperUITests.a in Frameworks */ = {isa = PBXBuildFile; fileRef = AB56B2FAB15F3DCE204AE2D4 /* libPods-OrkShoperUITests.a */; };
/* End PBXBuildFile section */

/* Begin PBXContainerItemProxy section */
		BCE168A61EA8B33000CE8694 /* PBXContainerItemProxy */ = {
			isa = PBXContainerItemProxy;
			containerPortal = BCE168841EA8B33000CE8694 /* Project object */;
			proxyType = 1;
			remoteGlobalIDString = BCE1688B1EA8B33000CE8694;
			remoteInfo = OrkShoper;
		};
		BCE168B11EA8B33000CE8694 /* PBXContainerItemProxy */ = {
			isa = PBXContainerItemProxy;
			containerPortal = BCE168841EA8B33000CE8694 /* Project object */;
			proxyType = 1;
			remoteGlobalIDString = BCE1688B1EA8B33000CE8694;
			remoteInfo = OrkShoper;
		};
/* End PBXContainerItemProxy section */

/* Begin PBXFileReference section */
		021426573EAF444DC628721E /* Pods-OrkShoperUITests.debug.xcconfig */ = {isa = PBXFileReference; includeInIndex = 1; lastKnownFileType = text.xcconfig; name = "Pods-OrkShoperUITests.debug.xcconfig"; path = "Pods/Target Support Files/Pods-OrkShoperUITests/Pods-OrkShoperUITests.debug.xcconfig"; sourceTree = "<group>"; };
		027FE6C529DD8119801B192D /* Pods-OrkShoperTests.release.xcconfig */ = {isa = PBXFileReference; includeInIndex = 1; lastKnownFileType = text.xcconfig; name = "Pods-OrkShoperTests.release.xcconfig"; path = "Pods/Target Support Files/Pods-OrkShoperTests/Pods-OrkShoperTests.release.xcconfig"; sourceTree = "<group>"; };
		0752B39B6D15F1EDA7B7B497 /* libPods-OrkShoper.a */ = {isa = PBXFileReference; explicitFileType = archive.ar; includeInIndex = 0; path = "libPods-OrkShoper.a"; sourceTree = BUILT_PRODUCTS_DIR; };
		1D7C2F47442C6A4F6F1CD0A3 /* Pods-OrkShoperTests.debug.xcconfig */ = {isa = PBXFileReference; includeInIndex = 1; lastKnownFileType = text.xcconfig; name = "Pods-OrkShoperTests.debug.xcconfig"; path = "Pods/Target Support Files/Pods-OrkShoperTests/Pods-OrkShoperTests.debug.xcconfig"; sourceTree = "<group>"; };
		4AA0DB7DE476A83D955A0F41 /* Pods-OrkShoper.debug.xcconfig */ = {isa = PBXFileReference; includeInIndex = 1; lastKnownFileType = text.xcconfig; name = "Pods-OrkShoper.debug.xcconfig"; path = "Pods/Target Support Files/Pods-OrkShoper/Pods-OrkShoper.debug.xcconfig"; sourceTree = "<group>"; };
		571C73F3C026D9574DE8E169 /* Pods-OrkShoperUITests.release.xcconfig */ = {isa = PBXFileReference; includeInIndex = 1; lastKnownFileType = text.xcconfig; name = "Pods-OrkShoperUITests.release.xcconfig"; path = "Pods/Target Support Files/Pods-OrkShoperUITests/Pods-OrkShoperUITests.release.xcconfig"; sourceTree = "<group>"; };
		AB56B2FAB15F3DCE204AE2D4 /* libPods-OrkShoperUITests.a */ = {isa = PBXFileReference; explicitFileType = archive.ar; includeInIndex = 0; path = "libPods-OrkShoperUITests.a"; sourceTree = BUILT_PRODUCTS_DIR; };
		BC0229721EBB4A4A00BFDF77 /* CoreData.framework */ = {isa = PBXFileReference; lastKnownFileType = wrapper.framework; name = CoreData.framework; path = System/Library/Frameworks/CoreData.framework; sourceTree = SDKROOT; };
		BC5CFE5A1EB73C53000931E1 /* libsqlite3.tbd */ = {isa = PBXFileReference; lastKnownFileType = "sourcecode.text-based-dylib-definition"; name = libsqlite3.tbd; path = usr/lib/libsqlite3.tbd; sourceTree = SDKROOT; };
		BC77C2D51ED82BCC00CF24F1 /* AppDelegate.h */ = {isa = PBXFileReference; fileEncoding = 4; lastKnownFileType = sourcecode.c.h; path = AppDelegate.h; sourceTree = "<group>"; };
		BC77C2D61ED82BCC00CF24F1 /* AppDelegate.m */ = {isa = PBXFileReference; fileEncoding = 4; lastKnownFileType = sourcecode.c.objc; path = AppDelegate.m; sourceTree = "<group>"; };
		BC77C2D91ED82BCC00CF24F1 /* bg.png */ = {isa = PBXFileReference; lastKnownFileType = image.png; path = bg.png; sourceTree = "<group>"; };
		BC77C2DA1ED82BCC00CF24F1 /* mainback4.png */ = {isa = PBXFileReference; lastKnownFileType = image.png; path = mainback4.png; sourceTree = "<group>"; };
		BC77C2DD1ED82BCC00CF24F1 /* home.png */ = {isa = PBXFileReference; lastKnownFileType = image.png; path = home.png; sourceTree = "<group>"; };
		BC77C2DE1ED82BCC00CF24F1 /* ViewController.h */ = {isa = PBXFileReference; fileEncoding = 4; lastKnownFileType = sourcecode.c.h; path = ViewController.h; sourceTree = "<group>"; };
		BC77C2DF1ED82BCC00CF24F1 /* ViewController.m */ = {isa = PBXFileReference; fileEncoding = 4; lastKnownFileType = sourcecode.c.objc; path = ViewController.m; sourceTree = "<group>"; };
		BC77C2E21ED82BCC00CF24F1 /* map.png */ = {isa = PBXFileReference; lastKnownFileType = image.png; path = map.png; sourceTree = "<group>"; };
		BC77C2E31ED82BCC00CF24F1 /* MapController.h */ = {isa = PBXFileReference; fileEncoding = 4; lastKnownFileType = sourcecode.c.h; path = MapController.h; sourceTree = "<group>"; };
		BC77C2E41ED82BCC00CF24F1 /* MapController.m */ = {isa = PBXFileReference; fileEncoding = 4; lastKnownFileType = sourcecode.c.objc; path = MapController.m; sourceTree = "<group>"; };
		BC77C2E61ED82BCC00CF24F1 /* GoodsController.h */ = {isa = PBXFileReference; fileEncoding = 4; lastKnownFileType = sourcecode.c.h; path = GoodsController.h; sourceTree = "<group>"; };
		BC77C2E71ED82BCC00CF24F1 /* GoodsController.m */ = {isa = PBXFileReference; fileEncoding = 4; lastKnownFileType = sourcecode.c.objc; path = GoodsController.m; sourceTree = "<group>"; };
		BC77C2E91ED82BCC00CF24F1 /* cart.png */ = {isa = PBXFileReference; lastKnownFileType = image.png; path = cart.png; sourceTree = "<group>"; };
		BC77C2EA1ED82BCC00CF24F1 /* shop.png */ = {isa = PBXFileReference; lastKnownFileType = image.png; path = shop.png; sourceTree = "<group>"; };
		BC77C2EB1ED82BCC00CF24F1 /* MarketController.h */ = {isa = PBXFileReference; fileEncoding = 4; lastKnownFileType = sourcecode.c.h; path = MarketController.h; sourceTree = "<group>"; };
		BC77C2EC1ED82BCC00CF24F1 /* MarketController.m */ = {isa = PBXFileReference; fileEncoding = 4; lastKnownFileType = sourcecode.c.objc; path = MarketController.m; sourceTree = "<group>"; };
		BC77C2ED1ED82BCC00CF24F1 /* MarketSubTreeController.h */ = {isa = PBXFileReference; fileEncoding = 4; lastKnownFileType = sourcecode.c.h; path = MarketSubTreeController.h; sourceTree = "<group>"; };
		BC77C2EE1ED82BCC00CF24F1 /* MarketSubTreeController.m */ = {isa = PBXFileReference; fileEncoding = 4; lastKnownFileType = sourcecode.c.objc; path = MarketSubTreeController.m; sourceTree = "<group>"; };
		BC77C2F11ED82BCC00CF24F1 /* NewsCellsController.h */ = {isa = PBXFileReference; fileEncoding = 4; lastKnownFileType = sourcecode.c.h; path = NewsCellsController.h; sourceTree = "<group>"; };
		BC77C2F21ED82BCC00CF24F1 /* NewsCellsController.m */ = {isa = PBXFileReference; fileEncoding = 4; lastKnownFileType = sourcecode.c.objc; path = NewsCellsController.m; sourceTree = "<group>"; };
		BC77C2F31ED82BCC00CF24F1 /* NewsController.h */ = {isa = PBXFileReference; fileEncoding = 4; lastKnownFileType = sourcecode.c.h; path = NewsController.h; sourceTree = "<group>"; };
		BC77C2F41ED82BCC00CF24F1 /* NewsController.m */ = {isa = PBXFileReference; fileEncoding = 4; lastKnownFileType = sourcecode.c.objc; path = NewsController.m; sourceTree = "<group>"; };
		BC77C2F71ED82BCC00CF24F1 /* SignUpController.h */ = {isa = PBXFileReference; fileEncoding = 4; lastKnownFileType = sourcecode.c.h; path = SignUpController.h; sourceTree = "<group>"; };
		BC77C2F81ED82BCC00CF24F1 /* SignUpController.m */ = {isa = PBXFileReference; fileEncoding = 4; lastKnownFileType = sourcecode.c.objc; path = SignUpController.m; sourceTree = "<group>"; };
		BC77C30A1ED82C0D00CF24F1 /* core.xcdatamodel */ = {isa = PBXFileReference; lastKnownFileType = wrapper.xcdatamodel; path = core.xcdatamodel; sourceTree = "<group>"; };
		BC77C30B1ED82C0D00CF24F1 /* market1ForOrkShop.json */ = {isa = PBXFileReference; fileEncoding = 4; lastKnownFileType = text.json; path = market1ForOrkShop.json; sourceTree = "<group>"; };
		BC77C30C1ED82C0D00CF24F1 /* NewsForOrkShoper.json */ = {isa = PBXFileReference; fileEncoding = 4; lastKnownFileType = text.json; path = NewsForOrkShoper.json; sourceTree = "<group>"; };
		BC77C3101ED82FDA00CF24F1 /* newspaper.png */ = {isa = PBXFileReference; lastKnownFileType = image.png; path = newspaper.png; sourceTree = "<group>"; };
		BCE1688C1EA8B33000CE8694 /* OrkShoper.app */ = {isa = PBXFileReference; explicitFileType = wrapper.application; includeInIndex = 0; path = OrkShoper.app; sourceTree = BUILT_PRODUCTS_DIR; };
		BCE1689B1EA8B33000CE8694 /* Assets.xcassets */ = {isa = PBXFileReference; lastKnownFileType = folder.assetcatalog; path = Assets.xcassets; sourceTree = "<group>"; };
		BCE168A01EA8B33000CE8694 /* Info.plist */ = {isa = PBXFileReference; lastKnownFileType = text.plist.xml; path = Info.plist; sourceTree = "<group>"; };
		BCE168A51EA8B33000CE8694 /* OrkShoperTests.xctest */ = {isa = PBXFileReference; explicitFileType = wrapper.cfbundle; includeInIndex = 0; path = OrkShoperTests.xctest; sourceTree = BUILT_PRODUCTS_DIR; };
		BCE168A91EA8B33000CE8694 /* OrkShoperTests.m */ = {isa = PBXFileReference; lastKnownFileType = sourcecode.c.objc; path = OrkShoperTests.m; sourceTree = "<group>"; };
		BCE168AB1EA8B33000CE8694 /* Info.plist */ = {isa = PBXFileReference; lastKnownFileType = text.plist.xml; path = Info.plist; sourceTree = "<group>"; };
		BCE168B01EA8B33000CE8694 /* OrkShoperUITests.xctest */ = {isa = PBXFileReference; explicitFileType = wrapper.cfbundle; includeInIndex = 0; path = OrkShoperUITests.xctest; sourceTree = BUILT_PRODUCTS_DIR; };
		BCE168B41EA8B33000CE8694 /* OrkShoperUITests.m */ = {isa = PBXFileReference; lastKnownFileType = sourcecode.c.objc; path = OrkShoperUITests.m; sourceTree = "<group>"; };
		BCE168B61EA8B33000CE8694 /* Info.plist */ = {isa = PBXFileReference; lastKnownFileType = text.plist.xml; path = Info.plist; sourceTree = "<group>"; };
		EACFEFCA88D0F452A0595844 /* libPods-OrkShoperTests.a */ = {isa = PBXFileReference; explicitFileType = archive.ar; includeInIndex = 0; path = "libPods-OrkShoperTests.a"; sourceTree = BUILT_PRODUCTS_DIR; };
		FA11C7DE772922693AE94559 /* Pods-OrkShoper.release.xcconfig */ = {isa = PBXFileReference; includeInIndex = 1; lastKnownFileType = text.xcconfig; name = "Pods-OrkShoper.release.xcconfig"; path = "Pods/Target Support Files/Pods-OrkShoper/Pods-OrkShoper.release.xcconfig"; sourceTree = "<group>"; };
/* End PBXFileReference section */

/* Begin PBXFrameworksBuildPhase section */
		BCE168891EA8B33000CE8694 /* Frameworks */ = {
			isa = PBXFrameworksBuildPhase;
			buildActionMask = 2147483647;
			files = (
				BC0229731EBB4A4A00BFDF77 /* CoreData.framework in Frameworks */,
				BC5CFE5B1EB73C53000931E1 /* libsqlite3.tbd in Frameworks */,
				BC239A58F56543D180DCA7AF /* libPods-OrkShoper.a in Frameworks */,
			);
			runOnlyForDeploymentPostprocessing = 0;
		};
		BCE168A21EA8B33000CE8694 /* Frameworks */ = {
			isa = PBXFrameworksBuildPhase;
			buildActionMask = 2147483647;
			files = (
				CF097F1A4373CB284029B460 /* libPods-OrkShoperTests.a in Frameworks */,
			);
			runOnlyForDeploymentPostprocessing = 0;
		};
		BCE168AD1EA8B33000CE8694 /* Frameworks */ = {
			isa = PBXFrameworksBuildPhase;
			buildActionMask = 2147483647;
			files = (
				CF67C0552784DB3BF6A191AF /* libPods-OrkShoperUITests.a in Frameworks */,
			);
			runOnlyForDeploymentPostprocessing = 0;
		};
/* End PBXFrameworksBuildPhase section */

/* Begin PBXGroup section */
		85EEEA9CC53802F18E47580C /* Pods */ = {
			isa = PBXGroup;
			children = (
				4AA0DB7DE476A83D955A0F41 /* Pods-OrkShoper.debug.xcconfig */,
				FA11C7DE772922693AE94559 /* Pods-OrkShoper.release.xcconfig */,
				1D7C2F47442C6A4F6F1CD0A3 /* Pods-OrkShoperTests.debug.xcconfig */,
				027FE6C529DD8119801B192D /* Pods-OrkShoperTests.release.xcconfig */,
				021426573EAF444DC628721E /* Pods-OrkShoperUITests.debug.xcconfig */,
				571C73F3C026D9574DE8E169 /* Pods-OrkShoperUITests.release.xcconfig */,
			);
			name = Pods;
			sourceTree = "<group>";
		};
		BC5CFE591EB73C53000931E1 /* Frameworks */ = {
			isa = PBXGroup;
			children = (
				BC0229721EBB4A4A00BFDF77 /* CoreData.framework */,
				BC5CFE5A1EB73C53000931E1 /* libsqlite3.tbd */,
				0752B39B6D15F1EDA7B7B497 /* libPods-OrkShoper.a */,
				EACFEFCA88D0F452A0595844 /* libPods-OrkShoperTests.a */,
				AB56B2FAB15F3DCE204AE2D4 /* libPods-OrkShoperUITests.a */,
			);
			name = Frameworks;
			sourceTree = "<group>";
		};
		BC77C2D31ED82BCC00CF24F1 /* View */ = {
			isa = PBXGroup;
			children = (
				BC77C2D41ED82BCC00CF24F1 /* AppDelegate */,
				BC77C2D81ED82BCC00CF24F1 /* img */,
				BC77C2DB1ED82BCC00CF24F1 /* LogIn */,
				BC77C2E01ED82BCC00CF24F1 /* Map */,
				BC77C2E51ED82BCC00CF24F1 /* Market */,
				BC77C2EF1ED82BCC00CF24F1 /* News */,
				BC77C2F51ED82BCC00CF24F1 /* SignUp */,
			);
			path = View;
			sourceTree = "<group>";
		};
		BC77C2D41ED82BCC00CF24F1 /* AppDelegate */ = {
			isa = PBXGroup;
			children = (
				BC77C2D51ED82BCC00CF24F1 /* AppDelegate.h */,
				BC77C2D61ED82BCC00CF24F1 /* AppDelegate.m */,
				BC77C2D71ED82BCC00CF24F1 /* img */,
			);
			path = AppDelegate;
			sourceTree = "<group>";
		};
		BC77C2D71ED82BCC00CF24F1 /* img */ = {
			isa = PBXGroup;
			children = (
			);
			path = img;
			sourceTree = "<group>";
		};
		BC77C2D81ED82BCC00CF24F1 /* img */ = {
			isa = PBXGroup;
			children = (
				BC77C2D91ED82BCC00CF24F1 /* bg.png */,
				BC77C2DA1ED82BCC00CF24F1 /* mainback4.png */,
			);
			path = img;
			sourceTree = "<group>";
		};
		BC77C2DB1ED82BCC00CF24F1 /* LogIn */ = {
			isa = PBXGroup;
			children = (
				BC77C2DC1ED82BCC00CF24F1 /* img */,
				BC77C2DE1ED82BCC00CF24F1 /* ViewController.h */,
				BC77C2DF1ED82BCC00CF24F1 /* ViewController.m */,
			);
			path = LogIn;
			sourceTree = "<group>";
		};
		BC77C2DC1ED82BCC00CF24F1 /* img */ = {
			isa = PBXGroup;
			children = (
				BC77C2DD1ED82BCC00CF24F1 /* home.png */,
			);
			path = img;
			sourceTree = "<group>";
		};
		BC77C2E01ED82BCC00CF24F1 /* Map */ = {
			isa = PBXGroup;
			children = (
				BC77C2E11ED82BCC00CF24F1 /* img */,
				BC77C2E31ED82BCC00CF24F1 /* MapController.h */,
				BC77C2E41ED82BCC00CF24F1 /* MapController.m */,
			);
			path = Map;
			sourceTree = "<group>";
		};
		BC77C2E11ED82BCC00CF24F1 /* img */ = {
			isa = PBXGroup;
			children = (
				BC77C2E21ED82BCC00CF24F1 /* map.png */,
			);
			path = img;
			sourceTree = "<group>";
		};
		BC77C2E51ED82BCC00CF24F1 /* Market */ = {
			isa = PBXGroup;
			children = (
				BC77C2E61ED82BCC00CF24F1 /* GoodsController.h */,
				BC77C2E71ED82BCC00CF24F1 /* GoodsController.m */,
				BC77C2E81ED82BCC00CF24F1 /* img */,
				BC77C2EB1ED82BCC00CF24F1 /* MarketController.h */,
				BC77C2EC1ED82BCC00CF24F1 /* MarketController.m */,
				BC77C2ED1ED82BCC00CF24F1 /* MarketSubTreeController.h */,
				BC77C2EE1ED82BCC00CF24F1 /* MarketSubTreeController.m */,
			);
			path = Market;
			sourceTree = "<group>";
		};
		BC77C2E81ED82BCC00CF24F1 /* img */ = {
			isa = PBXGroup;
			children = (
				BC77C2E91ED82BCC00CF24F1 /* cart.png */,
				BC77C2EA1ED82BCC00CF24F1 /* shop.png */,
			);
			path = img;
			sourceTree = "<group>";
		};
		BC77C2EF1ED82BCC00CF24F1 /* News */ = {
			isa = PBXGroup;
			children = (
				BC77C2F01ED82BCC00CF24F1 /* img */,
				BC77C2F11ED82BCC00CF24F1 /* NewsCellsController.h */,
				BC77C2F21ED82BCC00CF24F1 /* NewsCellsController.m */,
				BC77C2F31ED82BCC00CF24F1 /* NewsController.h */,
				BC77C2F41ED82BCC00CF24F1 /* NewsController.m */,
			);
			path = News;
			sourceTree = "<group>";
		};
		BC77C2F01ED82BCC00CF24F1 /* img */ = {
			isa = PBXGroup;
			children = (
				BC77C3101ED82FDA00CF24F1 /* newspaper.png */,
			);
			path = img;
			sourceTree = "<group>";
		};
		BC77C2F51ED82BCC00CF24F1 /* SignUp */ = {
			isa = PBXGroup;
			children = (
				BC77C2F61ED82BCC00CF24F1 /* img */,
				BC77C2F71ED82BCC00CF24F1 /* SignUpController.h */,
				BC77C2F81ED82BCC00CF24F1 /* SignUpController.m */,
			);
			path = SignUp;
			sourceTree = "<group>";
		};
		BC77C2F61ED82BCC00CF24F1 /* img */ = {
			isa = PBXGroup;
			children = (
			);
			path = img;
			sourceTree = "<group>";
		};
		BC77C3081ED82C0D00CF24F1 /* Model */ = {
			isa = PBXGroup;
			children = (
				BC77C3091ED82C0D00CF24F1 /* core.xcdatamodeld */,
				BC77C30B1ED82C0D00CF24F1 /* market1ForOrkShop.json */,
				BC77C30C1ED82C0D00CF24F1 /* NewsForOrkShoper.json */,
			);
			path = Model;
			sourceTree = "<group>";
		};
		BCE168831EA8B33000CE8694 = {
			isa = PBXGroup;
			children = (
				BCE1688E1EA8B33000CE8694 /* OrkShoper */,
				BCE168A81EA8B33000CE8694 /* OrkShoperTests */,
				BCE168B31EA8B33000CE8694 /* OrkShoperUITests */,
				BCE1688D1EA8B33000CE8694 /* Products */,
				BC5CFE591EB73C53000931E1 /* Frameworks */,
				85EEEA9CC53802F18E47580C /* Pods */,
			);
			sourceTree = "<group>";
		};
		BCE1688D1EA8B33000CE8694 /* Products */ = {
			isa = PBXGroup;
			children = (
				BCE1688C1EA8B33000CE8694 /* OrkShoper.app */,
				BCE168A51EA8B33000CE8694 /* OrkShoperTests.xctest */,
				BCE168B01EA8B33000CE8694 /* OrkShoperUITests.xctest */,
			);
			name = Products;
			sourceTree = "<group>";
		};
		BCE1688E1EA8B33000CE8694 /* OrkShoper */ = {
			isa = PBXGroup;
			children = (
				BCE1689B1EA8B33000CE8694 /* Assets.xcassets */,
				BC77C2D31ED82BCC00CF24F1 /* View */,
				BCE168A01EA8B33000CE8694 /* Info.plist */,
				BC77C3081ED82C0D00CF24F1 /* Model */,
				BCE1688F1EA8B33000CE8694 /* Supporting Files */,
			);
			path = OrkShoper;
			sourceTree = "<group>";
		};
		BCE1688F1EA8B33000CE8694 /* Supporting Files */ = {
			isa = PBXGroup;
			children = (
			);
			name = "Supporting Files";
			sourceTree = "<group>";
		};
		BCE168A81EA8B33000CE8694 /* OrkShoperTests */ = {
			isa = PBXGroup;
			children = (
				BCE168A91EA8B33000CE8694 /* OrkShoperTests.m */,
				BCE168AB1EA8B33000CE8694 /* Info.plist */,
			);
			path = OrkShoperTests;
			sourceTree = "<group>";
		};
		BCE168B31EA8B33000CE8694 /* OrkShoperUITests */ = {
			isa = PBXGroup;
			children = (
				BCE168B41EA8B33000CE8694 /* OrkShoperUITests.m */,
				BCE168B61EA8B33000CE8694 /* Info.plist */,
			);
			path = OrkShoperUITests;
			sourceTree = "<group>";
		};
/* End PBXGroup section */

/* Begin PBXNativeTarget section */
		BCE1688B1EA8B33000CE8694 /* OrkShoper */ = {
			isa = PBXNativeTarget;
			buildConfigurationList = BCE168B91EA8B33000CE8694 /* Build configuration list for PBXNativeTarget "OrkShoper" */;
			buildPhases = (
				AEB9E3282C56BDE6D76C077D /* [CP] Check Pods Manifest.lock */,
				BCE168881EA8B33000CE8694 /* Sources */,
				BCE168891EA8B33000CE8694 /* Frameworks */,
				BCE1688A1EA8B33000CE8694 /* Resources */,
				75C8260387E517F5DCA4C116 /* [CP] Embed Pods Frameworks */,
				72933293D6E594C7E10455D6 /* [CP] Copy Pods Resources */,
			);
			buildRules = (
			);
			dependencies = (
			);
			name = OrkShoper;
			productName = OrkShoper;
			productReference = BCE1688C1EA8B33000CE8694 /* OrkShoper.app */;
			productType = "com.apple.product-type.application";
		};
		BCE168A41EA8B33000CE8694 /* OrkShoperTests */ = {
			isa = PBXNativeTarget;
			buildConfigurationList = BCE168BC1EA8B33000CE8694 /* Build configuration list for PBXNativeTarget "OrkShoperTests" */;
			buildPhases = (
				3498E9A4CCBC55042AA18E9A /* [CP] Check Pods Manifest.lock */,
				BCE168A11EA8B33000CE8694 /* Sources */,
				BCE168A21EA8B33000CE8694 /* Frameworks */,
				BCE168A31EA8B33000CE8694 /* Resources */,
				04C26C01AD37293288180D2D /* [CP] Embed Pods Frameworks */,
				1E45942653EF9ACB8B2CF090 /* [CP] Copy Pods Resources */,
			);
			buildRules = (
			);
			dependencies = (
				BCE168A71EA8B33000CE8694 /* PBXTargetDependency */,
			);
			name = OrkShoperTests;
			productName = OrkShoperTests;
			productReference = BCE168A51EA8B33000CE8694 /* OrkShoperTests.xctest */;
			productType = "com.apple.product-type.bundle.unit-test";
		};
		BCE168AF1EA8B33000CE8694 /* OrkShoperUITests */ = {
			isa = PBXNativeTarget;
			buildConfigurationList = BCE168BF1EA8B33000CE8694 /* Build configuration list for PBXNativeTarget "OrkShoperUITests" */;
			buildPhases = (
				69320823CCE8FC10A817EE28 /* [CP] Check Pods Manifest.lock */,
				BCE168AC1EA8B33000CE8694 /* Sources */,
				BCE168AD1EA8B33000CE8694 /* Frameworks */,
				BCE168AE1EA8B33000CE8694 /* Resources */,
				B5F92F9BBFC5E7867C9576DB /* [CP] Embed Pods Frameworks */,
				9C59BC03E0A5412607075B88 /* [CP] Copy Pods Resources */,
			);
			buildRules = (
			);
			dependencies = (
				BCE168B21EA8B33000CE8694 /* PBXTargetDependency */,
			);
			name = OrkShoperUITests;
			productName = OrkShoperUITests;
			productReference = BCE168B01EA8B33000CE8694 /* OrkShoperUITests.xctest */;
			productType = "com.apple.product-type.bundle.ui-testing";
		};
/* End PBXNativeTarget section */

/* Begin PBXProject section */
		BCE168841EA8B33000CE8694 /* Project object */ = {
			isa = PBXProject;
			attributes = {
				LastUpgradeCheck = 0820;
				ORGANIZATIONNAME = "Келбин";
				TargetAttributes = {
					BCE1688B1EA8B33000CE8694 = {
						CreatedOnToolsVersion = 8.2.1;
						ProvisioningStyle = Automatic;
					};
					BCE168A41EA8B33000CE8694 = {
						CreatedOnToolsVersion = 8.2.1;
						ProvisioningStyle = Automatic;
						TestTargetID = BCE1688B1EA8B33000CE8694;
					};
					BCE168AF1EA8B33000CE8694 = {
						CreatedOnToolsVersion = 8.2.1;
						ProvisioningStyle = Automatic;
						TestTargetID = BCE1688B1EA8B33000CE8694;
					};
				};
			};
			buildConfigurationList = BCE168871EA8B33000CE8694 /* Build configuration list for PBXProject "OrkShoper" */;
			compatibilityVersion = "Xcode 3.2";
			developmentRegion = English;
			hasScannedForEncodings = 0;
			knownRegions = (
				en,
				Base,
			);
			mainGroup = BCE168831EA8B33000CE8694;
			productRefGroup = BCE1688D1EA8B33000CE8694 /* Products */;
			projectDirPath = "";
			projectRoot = "";
			targets = (
				BCE1688B1EA8B33000CE8694 /* OrkShoper */,
				BCE168A41EA8B33000CE8694 /* OrkShoperTests */,
				BCE168AF1EA8B33000CE8694 /* OrkShoperUITests */,
			);
		};
/* End PBXProject section */

/* Begin PBXResourcesBuildPhase section */
		BCE1688A1EA8B33000CE8694 /* Resources */ = {
			isa = PBXResourcesBuildPhase;
			buildActionMask = 2147483647;
			files = (
				BC77C30E1ED82C0D00CF24F1 /* market1ForOrkShop.json in Resources */,
				BC77C3021ED82BCC00CF24F1 /* shop.png in Resources */,
				BC77C2FC1ED82BCC00CF24F1 /* home.png in Resources */,
				BC77C30F1ED82C0D00CF24F1 /* NewsForOrkShoper.json in Resources */,
				BC77C2FA1ED82BCC00CF24F1 /* bg.png in Resources */,
				BC77C3111ED82FDA00CF24F1 /* newspaper.png in Resources */,
				BCE1689C1EA8B33000CE8694 /* Assets.xcassets in Resources */,
				BC77C2FB1ED82BCC00CF24F1 /* mainback4.png in Resources */,
				BC77C2FE1ED82BCC00CF24F1 /* map.png in Resources */,
				BC77C3011ED82BCC00CF24F1 /* cart.png in Resources */,
			);
			runOnlyForDeploymentPostprocessing = 0;
		};
		BCE168A31EA8B33000CE8694 /* Resources */ = {
			isa = PBXResourcesBuildPhase;
			buildActionMask = 2147483647;
			files = (
			);
			runOnlyForDeploymentPostprocessing = 0;
		};
		BCE168AE1EA8B33000CE8694 /* Resources */ = {
			isa = PBXResourcesBuildPhase;
			buildActionMask = 2147483647;
			files = (
			);
			runOnlyForDeploymentPostprocessing = 0;
		};
/* End PBXResourcesBuildPhase section */

/* Begin PBXShellScriptBuildPhase section */
		04C26C01AD37293288180D2D /* [CP] Embed Pods Frameworks */ = {
			isa = PBXShellScriptBuildPhase;
			buildActionMask = 2147483647;
			files = (
			);
			inputPaths = (
			);
			name = "[CP] Embed Pods Frameworks";
			outputPaths = (
			);
			runOnlyForDeploymentPostprocessing = 0;
			shellPath = /bin/sh;
			shellScript = "\"${SRCROOT}/Pods/Target Support Files/Pods-OrkShoperTests/Pods-OrkShoperTests-frameworks.sh\"\n";
			showEnvVarsInLog = 0;
		};
		1E45942653EF9ACB8B2CF090 /* [CP] Copy Pods Resources */ = {
			isa = PBXShellScriptBuildPhase;
			buildActionMask = 2147483647;
			files = (
			);
			inputPaths = (
			);
			name = "[CP] Copy Pods Resources";
			outputPaths = (
			);
			runOnlyForDeploymentPostprocessing = 0;
			shellPath = /bin/sh;
			shellScript = "\"${SRCROOT}/Pods/Target Support Files/Pods-OrkShoperTests/Pods-OrkShoperTests-resources.sh\"\n";
			showEnvVarsInLog = 0;
		};
		3498E9A4CCBC55042AA18E9A /* [CP] Check Pods Manifest.lock */ = {
			isa = PBXShellScriptBuildPhase;
			buildActionMask = 2147483647;
			files = (
			);
			inputPaths = (
			);
			name = "[CP] Check Pods Manifest.lock";
			outputPaths = (
			);
			runOnlyForDeploymentPostprocessing = 0;
			shellPath = /bin/sh;
			shellScript = "diff \"${PODS_PODFILE_DIR_PATH}/Podfile.lock\" \"${PODS_ROOT}/Manifest.lock\" > /dev/null\nif [ $? != 0 ] ; then\n    # print error to STDERR\n    echo \"error: The sandbox is not in sync with the Podfile.lock. Run 'pod install' or update your CocoaPods installation.\" >&2\n    exit 1\nfi\n";
			showEnvVarsInLog = 0;
		};
		69320823CCE8FC10A817EE28 /* [CP] Check Pods Manifest.lock */ = {
			isa = PBXShellScriptBuildPhase;
			buildActionMask = 2147483647;
			files = (
			);
			inputPaths = (
			);
			name = "[CP] Check Pods Manifest.lock";
			outputPaths = (
			);
			runOnlyForDeploymentPostprocessing = 0;
			shellPath = /bin/sh;
			shellScript = "diff \"${PODS_PODFILE_DIR_PATH}/Podfile.lock\" \"${PODS_ROOT}/Manifest.lock\" > /dev/null\nif [ $? != 0 ] ; then\n    # print error to STDERR\n    echo \"error: The sandbox is not in sync with the Podfile.lock. Run 'pod install' or update your CocoaPods installation.\" >&2\n    exit 1\nfi\n";
			showEnvVarsInLog = 0;
		};
		72933293D6E594C7E10455D6 /* [CP] Copy Pods Resources */ = {
			isa = PBXShellScriptBuildPhase;
			buildActionMask = 2147483647;
			files = (
			);
			inputPaths = (
			);
			name = "[CP] Copy Pods Resources";
			outputPaths = (
			);
			runOnlyForDeploymentPostprocessing = 0;
			shellPath = /bin/sh;
			shellScript = "\"${SRCROOT}/Pods/Target Support Files/Pods-OrkShoper/Pods-OrkShoper-resources.sh\"\n";
			showEnvVarsInLog = 0;
		};
		75C8260387E517F5DCA4C116 /* [CP] Embed Pods Frameworks */ = {
			isa = PBXShellScriptBuildPhase;
			buildActionMask = 2147483647;
			files = (
			);
			inputPaths = (
			);
			name = "[CP] Embed Pods Frameworks";
			outputPaths = (
			);
			runOnlyForDeploymentPostprocessing = 0;
			shellPath = /bin/sh;
			shellScript = "\"${SRCROOT}/Pods/Target Support Files/Pods-OrkShoper/Pods-OrkShoper-frameworks.sh\"\n";
			showEnvVarsInLog = 0;
		};
		9C59BC03E0A5412607075B88 /* [CP] Copy Pods Resources */ = {
			isa = PBXShellScriptBuildPhase;
			buildActionMask = 2147483647;
			files = (
			);
			inputPaths = (
			);
			name = "[CP] Copy Pods Resources";
			outputPaths = (
			);
			runOnlyForDeploymentPostprocessing = 0;
			shellPath = /bin/sh;
			shellScript = "\"${SRCROOT}/Pods/Target Support Files/Pods-OrkShoperUITests/Pods-OrkShoperUITests-resources.sh\"\n";
			showEnvVarsInLog = 0;
		};
		AEB9E3282C56BDE6D76C077D /* [CP] Check Pods Manifest.lock */ = {
			isa = PBXShellScriptBuildPhase;
			buildActionMask = 2147483647;
			files = (
			);
			inputPaths = (
			);
			name = "[CP] Check Pods Manifest.lock";
			outputPaths = (
			);
			runOnlyForDeploymentPostprocessing = 0;
			shellPath = /bin/sh;
			shellScript = "diff \"${PODS_PODFILE_DIR_PATH}/Podfile.lock\" \"${PODS_ROOT}/Manifest.lock\" > /dev/null\nif [ $? != 0 ] ; then\n    # print error to STDERR\n    echo \"error: The sandbox is not in sync with the Podfile.lock. Run 'pod install' or update your CocoaPods installation.\" >&2\n    exit 1\nfi\n";
			showEnvVarsInLog = 0;
		};
		B5F92F9BBFC5E7867C9576DB /* [CP] Embed Pods Frameworks */ = {
			isa = PBXShellScriptBuildPhase;
			buildActionMask = 2147483647;
			files = (
			);
			inputPaths = (
			);
			name = "[CP] Embed Pods Frameworks";
			outputPaths = (
			);
			runOnlyForDeploymentPostprocessing = 0;
			shellPath = /bin/sh;
			shellScript = "\"${SRCROOT}/Pods/Target Support Files/Pods-OrkShoperUITests/Pods-OrkShoperUITests-frameworks.sh\"\n";
			showEnvVarsInLog = 0;
		};
/* End PBXShellScriptBuildPhase section */

/* Begin PBXSourcesBuildPhase section */
		BCE168881EA8B33000CE8694 /* Sources */ = {
			isa = PBXSourcesBuildPhase;
			buildActionMask = 2147483647;
			files = (
				BC77C3001ED82BCC00CF24F1 /* GoodsController.m in Sources */,
				BC77C2FF1ED82BCC00CF24F1 /* MapController.m in Sources */,
				BC77C2FD1ED82BCC00CF24F1 /* ViewController.m in Sources */,
				BC77C30D1ED82C0D00CF24F1 /* core.xcdatamodeld in Sources */,
				BC77C3031ED82BCC00CF24F1 /* MarketController.m in Sources */,
				BC77C3061ED82BCC00CF24F1 /* NewsController.m in Sources */,
				BC77C3051ED82BCC00CF24F1 /* NewsCellsController.m in Sources */,
				BC77C3041ED82BCC00CF24F1 /* MarketSubTreeController.m in Sources */,
				BC77C3071ED82BCC00CF24F1 /* SignUpController.m in Sources */,
				BC77C2F91ED82BCC00CF24F1 /* AppDelegate.m in Sources */,
			);
			runOnlyForDeploymentPostprocessing = 0;
		};
		BCE168A11EA8B33000CE8694 /* Sources */ = {
			isa = PBXSourcesBuildPhase;
			buildActionMask = 2147483647;
			files = (
				BCE168AA1EA8B33000CE8694 /* OrkShoperTests.m in Sources */,
			);
			runOnlyForDeploymentPostprocessing = 0;
		};
		BCE168AC1EA8B33000CE8694 /* Sources */ = {
			isa = PBXSourcesBuildPhase;
			buildActionMask = 2147483647;
			files = (
				BCE168B51EA8B33000CE8694 /* OrkShoperUITests.m in Sources */,
			);
			runOnlyForDeploymentPostprocessing = 0;
		};
/* End PBXSourcesBuildPhase section */

/* Begin PBXTargetDependency section */
		BCE168A71EA8B33000CE8694 /* PBXTargetDependency */ = {
			isa = PBXTargetDependency;
			target = BCE1688B1EA8B33000CE8694 /* OrkShoper */;
			targetProxy = BCE168A61EA8B33000CE8694 /* PBXContainerItemProxy */;
		};
		BCE168B21EA8B33000CE8694 /* PBXTargetDependency */ = {
			isa = PBXTargetDependency;
			target = BCE1688B1EA8B33000CE8694 /* OrkShoper */;
			targetProxy = BCE168B11EA8B33000CE8694 /* PBXContainerItemProxy */;
		};
/* End PBXTargetDependency section */

/* Begin XCBuildConfiguration section */
		BCE168B71EA8B33000CE8694 /* Debug */ = {
			isa = XCBuildConfiguration;
			buildSettings = {
				ALWAYS_SEARCH_USER_PATHS = NO;
				CLANG_ANALYZER_NONNULL = YES;
				CLANG_CXX_LANGUAGE_STANDARD = "gnu++0x";
				CLANG_CXX_LIBRARY = "libc++";
				CLANG_ENABLE_MODULES = YES;
				CLANG_ENABLE_OBJC_ARC = YES;
				CLANG_WARN_BOOL_CONVERSION = YES;
				CLANG_WARN_CONSTANT_CONVERSION = YES;
				CLANG_WARN_DIRECT_OBJC_ISA_USAGE = YES_ERROR;
				CLANG_WARN_DOCUMENTATION_COMMENTS = YES;
				CLANG_WARN_EMPTY_BODY = YES;
				CLANG_WARN_ENUM_CONVERSION = YES;
				CLANG_WARN_INFINITE_RECURSION = YES;
				CLANG_WARN_INT_CONVERSION = YES;
				CLANG_WARN_OBJC_ROOT_CLASS = YES_ERROR;
				CLANG_WARN_SUSPICIOUS_MOVE = YES;
				CLANG_WARN_UNREACHABLE_CODE = YES;
				CLANG_WARN__DUPLICATE_METHOD_MATCH = YES;
				"CODE_SIGN_IDENTITY[sdk=iphoneos*]" = "iPhone Developer";
				COPY_PHASE_STRIP = NO;
				DEBUG_INFORMATION_FORMAT = dwarf;
				ENABLE_STRICT_OBJC_MSGSEND = YES;
				ENABLE_TESTABILITY = YES;
				GCC_C_LANGUAGE_STANDARD = gnu99;
				GCC_DYNAMIC_NO_PIC = NO;
				GCC_NO_COMMON_BLOCKS = YES;
				GCC_OPTIMIZATION_LEVEL = 0;
				GCC_PREPROCESSOR_DEFINITIONS = (
					"DEBUG=1",
					"$(inherited)",
				);
				GCC_WARN_64_TO_32_BIT_CONVERSION = YES;
				GCC_WARN_ABOUT_RETURN_TYPE = YES_ERROR;
				GCC_WARN_UNDECLARED_SELECTOR = YES;
				GCC_WARN_UNINITIALIZED_AUTOS = YES_AGGRESSIVE;
				GCC_WARN_UNUSED_FUNCTION = YES;
				GCC_WARN_UNUSED_VARIABLE = YES;
				IPHONEOS_DEPLOYMENT_TARGET = 10.2;
				MTL_ENABLE_DEBUG_INFO = YES;
				ONLY_ACTIVE_ARCH = YES;
				SDKROOT = iphoneos;
				TARGETED_DEVICE_FAMILY = "1,2";
			};
			name = Debug;
		};
		BCE168B81EA8B33000CE8694 /* Release */ = {
			isa = XCBuildConfiguration;
			buildSettings = {
				ALWAYS_SEARCH_USER_PATHS = NO;
				CLANG_ANALYZER_NONNULL = YES;
				CLANG_CXX_LANGUAGE_STANDARD = "gnu++0x";
				CLANG_CXX_LIBRARY = "libc++";
				CLANG_ENABLE_MODULES = YES;
				CLANG_ENABLE_OBJC_ARC = YES;
				CLANG_WARN_BOOL_CONVERSION = YES;
				CLANG_WARN_CONSTANT_CONVERSION = YES;
				CLANG_WARN_DIRECT_OBJC_ISA_USAGE = YES_ERROR;
				CLANG_WARN_DOCUMENTATION_COMMENTS = YES;
				CLANG_WARN_EMPTY_BODY = YES;
				CLANG_WARN_ENUM_CONVERSION = YES;
				CLANG_WARN_INFINITE_RECURSION = YES;
				CLANG_WARN_INT_CONVERSION = YES;
				CLANG_WARN_OBJC_ROOT_CLASS = YES_ERROR;
				CLANG_WARN_SUSPICIOUS_MOVE = YES;
				CLANG_WARN_UNREACHABLE_CODE = YES;
				CLANG_WARN__DUPLICATE_METHOD_MATCH = YES;
				"CODE_SIGN_IDENTITY[sdk=iphoneos*]" = "iPhone Developer";
				COPY_PHASE_STRIP = NO;
				DEBUG_INFORMATION_FORMAT = "dwarf-with-dsym";
				ENABLE_NS_ASSERTIONS = NO;
				ENABLE_STRICT_OBJC_MSGSEND = YES;
				GCC_C_LANGUAGE_STANDARD = gnu99;
				GCC_NO_COMMON_BLOCKS = YES;
				GCC_WARN_64_TO_32_BIT_CONVERSION = YES;
				GCC_WARN_ABOUT_RETURN_TYPE = YES_ERROR;
				GCC_WARN_UNDECLARED_SELECTOR = YES;
				GCC_WARN_UNINITIALIZED_AUTOS = YES_AGGRESSIVE;
				GCC_WARN_UNUSED_FUNCTION = YES;
				GCC_WARN_UNUSED_VARIABLE = YES;
				IPHONEOS_DEPLOYMENT_TARGET = 10.2;
				MTL_ENABLE_DEBUG_INFO = NO;
				SDKROOT = iphoneos;
				TARGETED_DEVICE_FAMILY = "1,2";
				VALIDATE_PRODUCT = YES;
			};
			name = Release;
		};
		BCE168BA1EA8B33000CE8694 /* Debug */ = {
			isa = XCBuildConfiguration;
			baseConfigurationReference = 4AA0DB7DE476A83D955A0F41 /* Pods-OrkShoper.debug.xcconfig */;
			buildSettings = {
				ASSETCATALOG_COMPILER_APPICON_NAME = AppIcon;
				INFOPLIST_FILE = OrkShoper/Info.plist;
				LD_RUNPATH_SEARCH_PATHS = "$(inherited) @executable_path/Frameworks";
				PRODUCT_BUNDLE_IDENTIFIER = Orc.OrkShoper;
				PRODUCT_NAME = "$(TARGET_NAME)";
				SWIFT_VERSION = 3.0;
			};
			name = Debug;
		};
		BCE168BB1EA8B33000CE8694 /* Release */ = {
			isa = XCBuildConfiguration;
			baseConfigurationReference = FA11C7DE772922693AE94559 /* Pods-OrkShoper.release.xcconfig */;
			buildSettings = {
				ASSETCATALOG_COMPILER_APPICON_NAME = AppIcon;
				INFOPLIST_FILE = OrkShoper/Info.plist;
				LD_RUNPATH_SEARCH_PATHS = "$(inherited) @executable_path/Frameworks";
				PRODUCT_BUNDLE_IDENTIFIER = Orc.OrkShoper;
				PRODUCT_NAME = "$(TARGET_NAME)";
				SWIFT_VERSION = 3.0;
			};
			name = Release;
		};
		BCE168BD1EA8B33000CE8694 /* Debug */ = {
			isa = XCBuildConfiguration;
			baseConfigurationReference = 1D7C2F47442C6A4F6F1CD0A3 /* Pods-OrkShoperTests.debug.xcconfig */;
			buildSettings = {
				BUNDLE_LOADER = "$(TEST_HOST)";
				INFOPLIST_FILE = OrkShoperTests/Info.plist;
				LD_RUNPATH_SEARCH_PATHS = "$(inherited) @executable_path/Frameworks @loader_path/Frameworks";
				PRODUCT_BUNDLE_IDENTIFIER = Orc.OrkShoperTests;
				PRODUCT_NAME = "$(TARGET_NAME)";
				TEST_HOST = "$(BUILT_PRODUCTS_DIR)/OrkShoper.app/OrkShoper";
			};
			name = Debug;
		};
		BCE168BE1EA8B33000CE8694 /* Release */ = {
			isa = XCBuildConfiguration;
			baseConfigurationReference = 027FE6C529DD8119801B192D /* Pods-OrkShoperTests.release.xcconfig */;
			buildSettings = {
				BUNDLE_LOADER = "$(TEST_HOST)";
				INFOPLIST_FILE = OrkShoperTests/Info.plist;
				LD_RUNPATH_SEARCH_PATHS = "$(inherited) @executable_path/Frameworks @loader_path/Frameworks";
				PRODUCT_BUNDLE_IDENTIFIER = Orc.OrkShoperTests;
				PRODUCT_NAME = "$(TARGET_NAME)";
				TEST_HOST = "$(BUILT_PRODUCTS_DIR)/OrkShoper.app/OrkShoper";
			};
			name = Release;
		};
		BCE168C01EA8B33000CE8694 /* Debug */ = {
			isa = XCBuildConfiguration;
			baseConfigurationReference = 021426573EAF444DC628721E /* Pods-OrkShoperUITests.debug.xcconfig */;
			buildSettings = {
				INFOPLIST_FILE = OrkShoperUITests/Info.plist;
				LD_RUNPATH_SEARCH_PATHS = "$(inherited) @executable_path/Frameworks @loader_path/Frameworks";
				PRODUCT_BUNDLE_IDENTIFIER = Orc.OrkShoperUITests;
				PRODUCT_NAME = "$(TARGET_NAME)";
				TEST_TARGET_NAME = OrkShoper;
			};
			name = Debug;
		};
		BCE168C11EA8B33000CE8694 /* Release */ = {
			isa = XCBuildConfiguration;
			baseConfigurationReference = 571C73F3C026D9574DE8E169 /* Pods-OrkShoperUITests.release.xcconfig */;
			buildSettings = {
				INFOPLIST_FILE = OrkShoperUITests/Info.plist;
				LD_RUNPATH_SEARCH_PATHS = "$(inherited) @executable_path/Frameworks @loader_path/Frameworks";
				PRODUCT_BUNDLE_IDENTIFIER = Orc.OrkShoperUITests;
				PRODUCT_NAME = "$(TARGET_NAME)";
				TEST_TARGET_NAME = OrkShoper;
			};
			name = Release;
		};
/* End XCBuildConfiguration section */

/* Begin XCConfigurationList section */
		BCE168871EA8B33000CE8694 /* Build configuration list for PBXProject "OrkShoper" */ = {
			isa = XCConfigurationList;
			buildConfigurations = (
				BCE168B71EA8B33000CE8694 /* Debug */,
				BCE168B81EA8B33000CE8694 /* Release */,
			);
			defaultConfigurationIsVisible = 0;
			defaultConfigurationName = Release;
		};
		BCE168B91EA8B33000CE8694 /* Build configuration list for PBXNativeTarget "OrkShoper" */ = {
			isa = XCConfigurationList;
			buildConfigurations = (
				BCE168BA1EA8B33000CE8694 /* Debug */,
				BCE168BB1EA8B33000CE8694 /* Release */,
			);
			defaultConfigurationIsVisible = 0;
			defaultConfigurationName = Release;
		};
		BCE168BC1EA8B33000CE8694 /* Build configuration list for PBXNativeTarget "OrkShoperTests" */ = {
			isa = XCConfigurationList;
			buildConfigurations = (
				BCE168BD1EA8B33000CE8694 /* Debug */,
				BCE168BE1EA8B33000CE8694 /* Release */,
			);
			defaultConfigurationIsVisible = 0;
			defaultConfigurationName = Release;
		};
		BCE168BF1EA8B33000CE8694 /* Build configuration list for PBXNativeTarget "OrkShoperUITests" */ = {
			isa = XCConfigurationList;
			buildConfigurations = (
				BCE168C01EA8B33000CE8694 /* Debug */,
				BCE168C11EA8B33000CE8694 /* Release */,
			);
			defaultConfigurationIsVisible = 0;
			defaultConfigurationName = Release;
		};
/* End XCConfigurationList section */

/* Begin XCVersionGroup section */
		BC77C3091ED82C0D00CF24F1 /* core.xcdatamodeld */ = {
			isa = XCVersionGroup;
			children = (
				BC77C30A1ED82C0D00CF24F1 /* core.xcdatamodel */,
			);
			currentVersion = BC77C30A1ED82C0D00CF24F1 /* core.xcdatamodel */;
			path = core.xcdatamodeld;
			sourceTree = "<group>";
			versionGroupType = wrapper.xcdatamodel;
		};
/* End XCVersionGroup section */
	};
	rootObject = BCE168841EA8B33000CE8694 /* Project object */;
}
